
Microsoft Visual Studio Solution File, Format Version 12.00
# Visual Studio 15
VisualStudioVersion = 15.0.28307.960
MinimumVisualStudioVersion = 10.0.40219.1
Project("{DA7A21FA-8162-4350-AD77-A8D1B671F3ED}") = "MeleeR", "MeleeR\MeleeR.rxproj", "{3FD1AA3E-F347-4E04-986D-0A382DB0A1D4}"
EndProject
Global
	GlobalSection(SolutionConfigurationPlatforms) = preSolution
		Debug|Any CPU = Debug|Any CPU
		Release|Any CPU = Release|Any CPU
	EndGlobalSection
	GlobalSection(ProjectConfigurationPlatforms) = postSolution
		{3FD1AA3E-F347-4E04-986D-0A382DB0A1D4}.Debug|Any CPU.ActiveCfg = Debug|Any CPU
		{3FD1AA3E-F347-4E04-986D-0A382DB0A1D4}.Debug|Any CPU.Build.0 = Debug|Any CPU
		{3FD1AA3E-F347-4E04-986D-0A382DB0A1D4}.Release|Any CPU.ActiveCfg = Release|Any CPU
		{3FD1AA3E-F347-4E04-986D-0A382DB0A1D4}.Release|Any CPU.Build.0 = Release|Any CPU
	EndGlobalSection
	GlobalSection(SolutionProperties) = preSolution
		HideSolutionNode = FALSE
	EndGlobalSection
	GlobalSection(ExtensibilityGlobals) = postSolution
		SolutionGuid = {A4C35657-8485-4166-800A-60B669D6FFCF}
	EndGlobalSection
EndGlobal
